// !$*UTF8*$!
{
	archiveVersion = 1;
	classes = {
	};
	objectVersion = 52;
	objects = {

/* Begin PBXBuildFile section */
		60146FFE24477260003D3BAF /* MapListTableViewCell.swift in Sources */ = {isa = PBXBuildFile; fileRef = 60146FFD24477260003D3BAF /* MapListTableViewCell.swift */; };
		60147000244773BD003D3BAF /* MapListTableViewController.swift in Sources */ = {isa = PBXBuildFile; fileRef = 60146FFF244773BD003D3BAF /* MapListTableViewController.swift */; };
		60147002244775EC003D3BAF /* PDFMap.swift in Sources */ = {isa = PBXBuildFile; fileRef = 60147001244775EC003D3BAF /* PDFMap.swift */; };
		6014700424479156003D3BAF /* RoundedCorderProgressBar.swift in Sources */ = {isa = PBXBuildFile; fileRef = 6014700324479156003D3BAF /* RoundedCorderProgressBar.swift */; };
		60955B48245255E000275EDA /* AddMapsViewController.swift in Sources */ = {isa = PBXBuildFile; fileRef = 60955B47245255E000275EDA /* AddMapsViewController.swift */; };
		609CA8C12440C353006C0283 /* AppDelegate.swift in Sources */ = {isa = PBXBuildFile; fileRef = 609CA8C02440C353006C0283 /* AppDelegate.swift */; };
		609CA8C32440C353006C0283 /* SceneDelegate.swift in Sources */ = {isa = PBXBuildFile; fileRef = 609CA8C22440C353006C0283 /* SceneDelegate.swift */; };
		609CA8C82440C353006C0283 /* Main.storyboard in Resources */ = {isa = PBXBuildFile; fileRef = 609CA8C62440C353006C0283 /* Main.storyboard */; };
		609CA8CA2440C355006C0283 /* Assets.xcassets in Resources */ = {isa = PBXBuildFile; fileRef = 609CA8C92440C355006C0283 /* Assets.xcassets */; };
		609CA8CD2440C355006C0283 /* LaunchScreen.storyboard in Resources */ = {isa = PBXBuildFile; fileRef = 609CA8CB2440C355006C0283 /* LaunchScreen.storyboard */; };
		609CA8D82440C355006C0283 /* CPWMobilePDFTests.swift in Sources */ = {isa = PBXBuildFile; fileRef = 609CA8D72440C355006C0283 /* CPWMobilePDFTests.swift */; };
		609CA8E32440C355006C0283 /* CPWMobilePDFUITests.swift in Sources */ = {isa = PBXBuildFile; fileRef = 609CA8E22440C355006C0283 /* CPWMobilePDFUITests.swift */; };
		609CA8F124412034006C0283 /* PrimaryUIButton.swift in Sources */ = {isa = PBXBuildFile; fileRef = 609CA8F024412034006C0283 /* PrimaryUIButton.swift */; };
		609CA8F6244132AC006C0283 /* MapListViewController.swift in Sources */ = {isa = PBXBuildFile; fileRef = 609CA8F5244132AC006C0283 /* MapListViewController.swift */; };
		60DBB8CF244A539600F84F4A /* MapViewController.swift in Sources */ = {isa = PBXBuildFile; fileRef = 60DBB8CE244A539600F84F4A /* MapViewController.swift */; };
		60DBB8D1244A53E400F84F4A /* PDFParser.swift in Sources */ = {isa = PBXBuildFile; fileRef = 60DBB8D0244A53E400F84F4A /* PDFParser.swift */; };
		60DBB8D3244A54E900F84F4A /* PushPin.swift in Sources */ = {isa = PBXBuildFile; fileRef = 60DBB8D2244A54E900F84F4A /* PushPin.swift */; };
		A40049802486F6000092A93A /* EditWayPtViewController.swift in Sources */ = {isa = PBXBuildFile; fileRef = A400497F2486F6000092A93A /* EditWayPtViewController.swift */; };
		A400498624896E4A0092A93A /* CloudKit.framework in Frameworks */ = {isa = PBXBuildFile; fileRef = A400498524896E4A0092A93A /* CloudKit.framework */; };
		A4535D74246F1ACE000E945B /* AppError.swift in Sources */ = {isa = PBXBuildFile; fileRef = A4535D73246F1ACE000E945B /* AppError.swift */; };
		A474D074277A663000F55D63 /* HelpMapViewController.swift in Sources */ = {isa = PBXBuildFile; fileRef = A474D073277A663000F55D63 /* HelpMapViewController.swift */; };
		A474D07A27851C8F00F55D63 /* HelpAddMapViewController.swift in Sources */ = {isa = PBXBuildFile; fileRef = A474D07927851C8F00F55D63 /* HelpAddMapViewController.swift */; };
		A474D07C278667AA00F55D63 /* HelpScrollView.swift in Sources */ = {isa = PBXBuildFile; fileRef = A474D07B278667AA00F55D63 /* HelpScrollView.swift */; };
		A474D07E27876F5100F55D63 /* HelpMapListViewController.swift in Sources */ = {isa = PBXBuildFile; fileRef = A474D07D27876F5100F55D63 /* HelpMapListViewController.swift */; };
		A475DBB2255DF42600B0B8DD /* WayPt.swift in Sources */ = {isa = PBXBuildFile; fileRef = A475DBB1255DF42600B0B8DD /* WayPt.swift */; };
		A4B3911C25FBCF8600730DED /* AppUtility.swift in Sources */ = {isa = PBXBuildFile; fileRef = A4B3911B25FBCF8600730DED /* AppUtility.swift */; };
/* End PBXBuildFile section */

/* Begin PBXContainerItemProxy section */
		609CA8D42440C355006C0283 /* PBXContainerItemProxy */ = {
			isa = PBXContainerItemProxy;
			containerPortal = 609CA8B52440C353006C0283 /* Project object */;
			proxyType = 1;
			remoteGlobalIDString = 609CA8BC2440C353006C0283;
			remoteInfo = MapViewer;
		};
		609CA8DF2440C355006C0283 /* PBXContainerItemProxy */ = {
			isa = PBXContainerItemProxy;
			containerPortal = 609CA8B52440C353006C0283 /* Project object */;
			proxyType = 1;
			remoteGlobalIDString = 609CA8BC2440C353006C0283;
			remoteInfo = MapViewer;
		};
/* End PBXContainerItemProxy section */

/* Begin PBXFileReference section */
		60146FFD24477260003D3BAF /* MapListTableViewCell.swift */ = {isa = PBXFileReference; lastKnownFileType = sourcecode.swift; path = MapListTableViewCell.swift; sourceTree = "<group>"; };
		60146FFF244773BD003D3BAF /* MapListTableViewController.swift */ = {isa = PBXFileReference; lastKnownFileType = sourcecode.swift; path = MapListTableViewController.swift; sourceTree = "<group>"; };
		60147001244775EC003D3BAF /* PDFMap.swift */ = {isa = PBXFileReference; lastKnownFileType = sourcecode.swift; path = PDFMap.swift; sourceTree = "<group>"; };
		6014700324479156003D3BAF /* RoundedCorderProgressBar.swift */ = {isa = PBXFileReference; lastKnownFileType = sourcecode.swift; path = RoundedCorderProgressBar.swift; sourceTree = "<group>"; };
		60955B47245255E000275EDA /* AddMapsViewController.swift */ = {isa = PBXFileReference; lastKnownFileType = sourcecode.swift; path = AddMapsViewController.swift; sourceTree = "<group>"; };
		609CA8BD2440C353006C0283 /* CPW Mobile PDF.app */ = {isa = PBXFileReference; explicitFileType = wrapper.application; includeInIndex = 0; path = "CPW Mobile PDF.app"; sourceTree = BUILT_PRODUCTS_DIR; };
		609CA8C02440C353006C0283 /* AppDelegate.swift */ = {isa = PBXFileReference; lastKnownFileType = sourcecode.swift; path = AppDelegate.swift; sourceTree = "<group>"; };
		609CA8C22440C353006C0283 /* SceneDelegate.swift */ = {isa = PBXFileReference; lastKnownFileType = sourcecode.swift; path = SceneDelegate.swift; sourceTree = "<group>"; };
		609CA8C72440C353006C0283 /* Base */ = {isa = PBXFileReference; lastKnownFileType = file.storyboard; name = Base; path = Base.lproj/Main.storyboard; sourceTree = "<group>"; };
		609CA8C92440C355006C0283 /* Assets.xcassets */ = {isa = PBXFileReference; lastKnownFileType = folder.assetcatalog; path = Assets.xcassets; sourceTree = "<group>"; };
		609CA8CC2440C355006C0283 /* Base */ = {isa = PBXFileReference; lastKnownFileType = file.storyboard; name = Base; path = Base.lproj/LaunchScreen.storyboard; sourceTree = "<group>"; };
		609CA8CE2440C355006C0283 /* Info.plist */ = {isa = PBXFileReference; lastKnownFileType = text.plist.xml; path = Info.plist; sourceTree = "<group>"; };
		609CA8D32440C355006C0283 /* CPWMobilePDFTests.xctest */ = {isa = PBXFileReference; explicitFileType = wrapper.cfbundle; includeInIndex = 0; path = CPWMobilePDFTests.xctest; sourceTree = BUILT_PRODUCTS_DIR; };
		609CA8D72440C355006C0283 /* CPWMobilePDFTests.swift */ = {isa = PBXFileReference; lastKnownFileType = sourcecode.swift; path = CPWMobilePDFTests.swift; sourceTree = "<group>"; };
		609CA8D92440C355006C0283 /* Info.plist */ = {isa = PBXFileReference; lastKnownFileType = text.plist.xml; path = Info.plist; sourceTree = "<group>"; };
		609CA8DE2440C355006C0283 /* CPWMobilePDFUITests.xctest */ = {isa = PBXFileReference; explicitFileType = wrapper.cfbundle; includeInIndex = 0; path = CPWMobilePDFUITests.xctest; sourceTree = BUILT_PRODUCTS_DIR; };
		609CA8E22440C355006C0283 /* CPWMobilePDFUITests.swift */ = {isa = PBXFileReference; lastKnownFileType = sourcecode.swift; path = CPWMobilePDFUITests.swift; sourceTree = "<group>"; };
		609CA8E42440C355006C0283 /* Info.plist */ = {isa = PBXFileReference; lastKnownFileType = text.plist.xml; path = Info.plist; sourceTree = "<group>"; };
		609CA8F024412034006C0283 /* PrimaryUIButton.swift */ = {isa = PBXFileReference; lastKnownFileType = sourcecode.swift; path = PrimaryUIButton.swift; sourceTree = "<group>"; };
		609CA8F5244132AC006C0283 /* MapListViewController.swift */ = {isa = PBXFileReference; lastKnownFileType = sourcecode.swift; path = MapListViewController.swift; sourceTree = "<group>"; };
		60BBA1152453A53E0057A53D /* CPWMobilePDFDebug.entitlements */ = {isa = PBXFileReference; lastKnownFileType = text.plist.entitlements; path = CPWMobilePDFDebug.entitlements; sourceTree = "<group>"; };
		60DBB8CE244A539600F84F4A /* MapViewController.swift */ = {isa = PBXFileReference; lastKnownFileType = sourcecode.swift; path = MapViewController.swift; sourceTree = "<group>"; };
		60DBB8D0244A53E400F84F4A /* PDFParser.swift */ = {isa = PBXFileReference; lastKnownFileType = sourcecode.swift; path = PDFParser.swift; sourceTree = "<group>"; };
		60DBB8D2244A54E900F84F4A /* PushPin.swift */ = {isa = PBXFileReference; lastKnownFileType = sourcecode.swift; path = PushPin.swift; sourceTree = "<group>"; };
		A400497F2486F6000092A93A /* EditWayPtViewController.swift */ = {isa = PBXFileReference; lastKnownFileType = sourcecode.swift; path = EditWayPtViewController.swift; sourceTree = "<group>"; };
		A400498324896E4A0092A93A /* CPWMobilePDF.entitlements */ = {isa = PBXFileReference; lastKnownFileType = text.plist.entitlements; path = CPWMobilePDF.entitlements; sourceTree = "<group>"; };
		A400498524896E4A0092A93A /* CloudKit.framework */ = {isa = PBXFileReference; lastKnownFileType = wrapper.framework; name = CloudKit.framework; path = System/Library/Frameworks/CloudKit.framework; sourceTree = SDKROOT; };
		A4535D73246F1ACE000E945B /* AppError.swift */ = {isa = PBXFileReference; lastKnownFileType = sourcecode.swift; path = AppError.swift; sourceTree = "<group>"; };
		A474D073277A663000F55D63 /* HelpMapViewController.swift */ = {isa = PBXFileReference; lastKnownFileType = sourcecode.swift; path = HelpMapViewController.swift; sourceTree = "<group>"; };
		A474D07927851C8F00F55D63 /* HelpAddMapViewController.swift */ = {isa = PBXFileReference; lastKnownFileType = sourcecode.swift; path = HelpAddMapViewController.swift; sourceTree = "<group>"; };
		A474D07B278667AA00F55D63 /* HelpScrollView.swift */ = {isa = PBXFileReference; lastKnownFileType = sourcecode.swift; path = HelpScrollView.swift; sourceTree = "<group>"; };
		A474D07D27876F5100F55D63 /* HelpMapListViewController.swift */ = {isa = PBXFileReference; lastKnownFileType = sourcecode.swift; path = HelpMapListViewController.swift; sourceTree = "<group>"; };
		A475DBB1255DF42600B0B8DD /* WayPt.swift */ = {isa = PBXFileReference; lastKnownFileType = sourcecode.swift; path = WayPt.swift; sourceTree = "<group>"; };
		A4B3911B25FBCF8600730DED /* AppUtility.swift */ = {isa = PBXFileReference; lastKnownFileType = sourcecode.swift; path = AppUtility.swift; sourceTree = "<group>"; };
/* End PBXFileReference section */

/* Begin PBXFrameworksBuildPhase section */
		609CA8BA2440C353006C0283 /* Frameworks */ = {
			isa = PBXFrameworksBuildPhase;
			buildActionMask = 2147483647;
			files = (
				A400498624896E4A0092A93A /* CloudKit.framework in Frameworks */,
			);
			runOnlyForDeploymentPostprocessing = 0;
		};
		609CA8D02440C355006C0283 /* Frameworks */ = {
			isa = PBXFrameworksBuildPhase;
			buildActionMask = 2147483647;
			files = (
			);
			runOnlyForDeploymentPostprocessing = 0;
		};
		609CA8DB2440C355006C0283 /* Frameworks */ = {
			isa = PBXFrameworksBuildPhase;
			buildActionMask = 2147483647;
			files = (
			);
			runOnlyForDeploymentPostprocessing = 0;
		};
/* End PBXFrameworksBuildPhase section */

/* Begin PBXGroup section */
		609CA8B42440C353006C0283 = {
			isa = PBXGroup;
			children = (
				609CA8BF2440C353006C0283 /* CPWMobilePDF */,
				609CA8D62440C355006C0283 /* CPWMobilePDFTests */,
				609CA8E12440C355006C0283 /* CPWMobilePDFUITests */,
				609CA8BE2440C353006C0283 /* Products */,
				A400498424896E4A0092A93A /* Frameworks */,
			);
			sourceTree = "<group>";
		};
		609CA8BE2440C353006C0283 /* Products */ = {
			isa = PBXGroup;
			children = (
				609CA8BD2440C353006C0283 /* CPW Mobile PDF.app */,
				609CA8D32440C355006C0283 /* CPWMobilePDFTests.xctest */,
				609CA8DE2440C355006C0283 /* CPWMobilePDFUITests.xctest */,
			);
			name = Products;
			sourceTree = "<group>";
		};
		609CA8BF2440C353006C0283 /* CPWMobilePDF */ = {
			isa = PBXGroup;
			children = (
				A400498324896E4A0092A93A /* CPWMobilePDF.entitlements */,
				60BBA1152453A53E0057A53D /* CPWMobilePDFDebug.entitlements */,
				609CA8F42441327B006C0283 /* Controllers */,
				609CA8F224412E01006C0283 /* Views */,
				609CA8F324412E0C006C0283 /* Models */,
				609CA8C02440C353006C0283 /* AppDelegate.swift */,
				609CA8C22440C353006C0283 /* SceneDelegate.swift */,
				609CA8C92440C355006C0283 /* Assets.xcassets */,
				609CA8CE2440C355006C0283 /* Info.plist */,
			);
			path = CPWMobilePDF;
			sourceTree = "<group>";
		};
		609CA8D62440C355006C0283 /* CPWMobilePDFTests */ = {
			isa = PBXGroup;
			children = (
				609CA8D72440C355006C0283 /* CPWMobilePDFTests.swift */,
				609CA8D92440C355006C0283 /* Info.plist */,
			);
			path = CPWMobilePDFTests;
			sourceTree = "<group>";
		};
		609CA8E12440C355006C0283 /* CPWMobilePDFUITests */ = {
			isa = PBXGroup;
			children = (
				609CA8E22440C355006C0283 /* CPWMobilePDFUITests.swift */,
				609CA8E42440C355006C0283 /* Info.plist */,
			);
			path = CPWMobilePDFUITests;
			sourceTree = "<group>";
		};
		609CA8F224412E01006C0283 /* Views */ = {
			isa = PBXGroup;
			children = (
				609CA8C62440C353006C0283 /* Main.storyboard */,
				609CA8CB2440C355006C0283 /* LaunchScreen.storyboard */,
			);
			path = Views;
			sourceTree = "<group>";
		};
		609CA8F324412E0C006C0283 /* Models */ = {
			isa = PBXGroup;
			children = (
				609CA8F024412034006C0283 /* PrimaryUIButton.swift */,
				60147001244775EC003D3BAF /* PDFMap.swift */,
				6014700324479156003D3BAF /* RoundedCorderProgressBar.swift */,
				60DBB8D0244A53E400F84F4A /* PDFParser.swift */,
				60DBB8D2244A54E900F84F4A /* PushPin.swift */,
				A4535D73246F1ACE000E945B /* AppError.swift */,
				A475DBB1255DF42600B0B8DD /* WayPt.swift */,
				A4B3911B25FBCF8600730DED /* AppUtility.swift */,
			);
			path = Models;
			sourceTree = "<group>";
		};
		609CA8F42441327B006C0283 /* Controllers */ = {
			isa = PBXGroup;
			children = (
				609CA8F5244132AC006C0283 /* MapListViewController.swift */,
				60146FFF244773BD003D3BAF /* MapListTableViewController.swift */,
				60146FFD24477260003D3BAF /* MapListTableViewCell.swift */,
				60DBB8CE244A539600F84F4A /* MapViewController.swift */,
				60955B47245255E000275EDA /* AddMapsViewController.swift */,
				A400497F2486F6000092A93A /* EditWayPtViewController.swift */,
				A474D073277A663000F55D63 /* HelpMapViewController.swift */,
				A474D07927851C8F00F55D63 /* HelpAddMapViewController.swift */,
				A474D07B278667AA00F55D63 /* HelpScrollView.swift */,
				A474D07D27876F5100F55D63 /* HelpMapListViewController.swift */,
			);
			path = Controllers;
			sourceTree = "<group>";
		};
		A400498424896E4A0092A93A /* Frameworks */ = {
			isa = PBXGroup;
			children = (
				A400498524896E4A0092A93A /* CloudKit.framework */,
			);
			name = Frameworks;
			sourceTree = "<group>";
		};
/* End PBXGroup section */

/* Begin PBXNativeTarget section */
		609CA8BC2440C353006C0283 /* CPWMobilePDF */ = {
			isa = PBXNativeTarget;
			buildConfigurationList = 609CA8E72440C355006C0283 /* Build configuration list for PBXNativeTarget "CPWMobilePDF" */;
			buildPhases = (
				609CA8B92440C353006C0283 /* Sources */,
				609CA8BA2440C353006C0283 /* Frameworks */,
				609CA8BB2440C353006C0283 /* Resources */,
			);
			buildRules = (
			);
			dependencies = (
			);
			name = CPWMobilePDF;
			productName = MapViewer;
			productReference = 609CA8BD2440C353006C0283 /* CPW Mobile PDF.app */;
			productType = "com.apple.product-type.application";
		};
		609CA8D22440C355006C0283 /* CPWMobilePDFTests */ = {
			isa = PBXNativeTarget;
			buildConfigurationList = 609CA8EA2440C355006C0283 /* Build configuration list for PBXNativeTarget "CPWMobilePDFTests" */;
			buildPhases = (
				609CA8CF2440C355006C0283 /* Sources */,
				609CA8D02440C355006C0283 /* Frameworks */,
				609CA8D12440C355006C0283 /* Resources */,
			);
			buildRules = (
			);
			dependencies = (
				609CA8D52440C355006C0283 /* PBXTargetDependency */,
			);
			name = CPWMobilePDFTests;
			productName = MapViewerTests;
			productReference = 609CA8D32440C355006C0283 /* CPWMobilePDFTests.xctest */;
			productType = "com.apple.product-type.bundle.unit-test";
		};
		609CA8DD2440C355006C0283 /* CPWMobilePDFUITests */ = {
			isa = PBXNativeTarget;
			buildConfigurationList = 609CA8ED2440C355006C0283 /* Build configuration list for PBXNativeTarget "CPWMobilePDFUITests" */;
			buildPhases = (
				609CA8DA2440C355006C0283 /* Sources */,
				609CA8DB2440C355006C0283 /* Frameworks */,
				609CA8DC2440C355006C0283 /* Resources */,
			);
			buildRules = (
			);
			dependencies = (
				609CA8E02440C355006C0283 /* PBXTargetDependency */,
			);
			name = CPWMobilePDFUITests;
			productName = MapViewerUITests;
			productReference = 609CA8DE2440C355006C0283 /* CPWMobilePDFUITests.xctest */;
			productType = "com.apple.product-type.bundle.ui-testing";
		};
/* End PBXNativeTarget section */

/* Begin PBXProject section */
		609CA8B52440C353006C0283 /* Project object */ = {
			isa = PBXProject;
			attributes = {
				LastSwiftUpdateCheck = 1130;
				LastUpgradeCheck = 1250;
				ORGANIZATIONNAME = "Colorado Parks and Wildlife";
				TargetAttributes = {
					609CA8BC2440C353006C0283 = {
						CreatedOnToolsVersion = 11.3.1;
					};
					609CA8D22440C355006C0283 = {
						CreatedOnToolsVersion = 11.3.1;
						TestTargetID = 609CA8BC2440C353006C0283;
					};
					609CA8DD2440C355006C0283 = {
						CreatedOnToolsVersion = 11.3.1;
						TestTargetID = 609CA8BC2440C353006C0283;
					};
				};
			};
			buildConfigurationList = 609CA8B82440C353006C0283 /* Build configuration list for PBXProject "CPWMobilePDF" */;
			compatibilityVersion = "Xcode 11.0";
			developmentRegion = en;
			hasScannedForEncodings = 0;
			knownRegions = (
				en,
				Base,
			);
			mainGroup = 609CA8B42440C353006C0283;
			productRefGroup = 609CA8BE2440C353006C0283 /* Products */;
			projectDirPath = "";
			projectRoot = "";
			targets = (
				609CA8BC2440C353006C0283 /* CPWMobilePDF */,
				609CA8D22440C355006C0283 /* CPWMobilePDFTests */,
				609CA8DD2440C355006C0283 /* CPWMobilePDFUITests */,
			);
		};
/* End PBXProject section */

/* Begin PBXResourcesBuildPhase section */
		609CA8BB2440C353006C0283 /* Resources */ = {
			isa = PBXResourcesBuildPhase;
			buildActionMask = 2147483647;
			files = (
				609CA8CD2440C355006C0283 /* LaunchScreen.storyboard in Resources */,
				609CA8CA2440C355006C0283 /* Assets.xcassets in Resources */,
				609CA8C82440C353006C0283 /* Main.storyboard in Resources */,
			);
			runOnlyForDeploymentPostprocessing = 0;
		};
		609CA8D12440C355006C0283 /* Resources */ = {
			isa = PBXResourcesBuildPhase;
			buildActionMask = 2147483647;
			files = (
			);
			runOnlyForDeploymentPostprocessing = 0;
		};
		609CA8DC2440C355006C0283 /* Resources */ = {
			isa = PBXResourcesBuildPhase;
			buildActionMask = 2147483647;
			files = (
			);
			runOnlyForDeploymentPostprocessing = 0;
		};
/* End PBXResourcesBuildPhase section */

/* Begin PBXSourcesBuildPhase section */
		609CA8B92440C353006C0283 /* Sources */ = {
			isa = PBXSourcesBuildPhase;
			buildActionMask = 2147483647;
			files = (
				A4535D74246F1ACE000E945B /* AppError.swift in Sources */,
				60146FFE24477260003D3BAF /* MapListTableViewCell.swift in Sources */,
				A4B3911C25FBCF8600730DED /* AppUtility.swift in Sources */,
				60147000244773BD003D3BAF /* MapListTableViewController.swift in Sources */,
				A474D07C278667AA00F55D63 /* HelpScrollView.swift in Sources */,
				A474D07A27851C8F00F55D63 /* HelpAddMapViewController.swift in Sources */,
				60147002244775EC003D3BAF /* PDFMap.swift in Sources */,
				60DBB8CF244A539600F84F4A /* MapViewController.swift in Sources */,
				6014700424479156003D3BAF /* RoundedCorderProgressBar.swift in Sources */,
				609CA8F6244132AC006C0283 /* MapListViewController.swift in Sources */,
				A40049802486F6000092A93A /* EditWayPtViewController.swift in Sources */,
				60DBB8D1244A53E400F84F4A /* PDFParser.swift in Sources */,
				A474D07E27876F5100F55D63 /* HelpMapListViewController.swift in Sources */,
				60DBB8D3244A54E900F84F4A /* PushPin.swift in Sources */,
				A475DBB2255DF42600B0B8DD /* WayPt.swift in Sources */,
				60955B48245255E000275EDA /* AddMapsViewController.swift in Sources */,
				A474D074277A663000F55D63 /* HelpMapViewController.swift in Sources */,
				609CA8C12440C353006C0283 /* AppDelegate.swift in Sources */,
				609CA8F124412034006C0283 /* PrimaryUIButton.swift in Sources */,
				609CA8C32440C353006C0283 /* SceneDelegate.swift in Sources */,
			);
			runOnlyForDeploymentPostprocessing = 0;
		};
		609CA8CF2440C355006C0283 /* Sources */ = {
			isa = PBXSourcesBuildPhase;
			buildActionMask = 2147483647;
			files = (
				609CA8D82440C355006C0283 /* CPWMobilePDFTests.swift in Sources */,
			);
			runOnlyForDeploymentPostprocessing = 0;
		};
		609CA8DA2440C355006C0283 /* Sources */ = {
			isa = PBXSourcesBuildPhase;
			buildActionMask = 2147483647;
			files = (
				609CA8E32440C355006C0283 /* CPWMobilePDFUITests.swift in Sources */,
			);
			runOnlyForDeploymentPostprocessing = 0;
		};
/* End PBXSourcesBuildPhase section */

/* Begin PBXTargetDependency section */
		609CA8D52440C355006C0283 /* PBXTargetDependency */ = {
			isa = PBXTargetDependency;
			target = 609CA8BC2440C353006C0283 /* CPWMobilePDF */;
			targetProxy = 609CA8D42440C355006C0283 /* PBXContainerItemProxy */;
		};
		609CA8E02440C355006C0283 /* PBXTargetDependency */ = {
			isa = PBXTargetDependency;
			target = 609CA8BC2440C353006C0283 /* CPWMobilePDF */;
			targetProxy = 609CA8DF2440C355006C0283 /* PBXContainerItemProxy */;
		};
/* End PBXTargetDependency section */

/* Begin PBXVariantGroup section */
		609CA8C62440C353006C0283 /* Main.storyboard */ = {
			isa = PBXVariantGroup;
			children = (
				609CA8C72440C353006C0283 /* Base */,
			);
			name = Main.storyboard;
			sourceTree = "<group>";
		};
		609CA8CB2440C355006C0283 /* LaunchScreen.storyboard */ = {
			isa = PBXVariantGroup;
			children = (
				609CA8CC2440C355006C0283 /* Base */,
			);
			name = LaunchScreen.storyboard;
			sourceTree = "<group>";
		};
/* End PBXVariantGroup section */

/* Begin XCBuildConfiguration section */
		609CA8E52440C355006C0283 /* Debug */ = {
			isa = XCBuildConfiguration;
			buildSettings = {
				ALWAYS_SEARCH_USER_PATHS = NO;
				CLANG_ANALYZER_NONNULL = YES;
				CLANG_ANALYZER_NUMBER_OBJECT_CONVERSION = YES_AGGRESSIVE;
				CLANG_CXX_LANGUAGE_STANDARD = "gnu++14";
				CLANG_CXX_LIBRARY = "libc++";
				CLANG_ENABLE_MODULES = YES;
				CLANG_ENABLE_OBJC_ARC = YES;
				CLANG_ENABLE_OBJC_WEAK = YES;
				CLANG_WARN_BLOCK_CAPTURE_AUTORELEASING = YES;
				CLANG_WARN_BOOL_CONVERSION = YES;
				CLANG_WARN_COMMA = YES;
				CLANG_WARN_CONSTANT_CONVERSION = YES;
				CLANG_WARN_DEPRECATED_OBJC_IMPLEMENTATIONS = YES;
				CLANG_WARN_DIRECT_OBJC_ISA_USAGE = YES_ERROR;
				CLANG_WARN_DOCUMENTATION_COMMENTS = YES;
				CLANG_WARN_EMPTY_BODY = YES;
				CLANG_WARN_ENUM_CONVERSION = YES;
				CLANG_WARN_INFINITE_RECURSION = YES;
				CLANG_WARN_INT_CONVERSION = YES;
				CLANG_WARN_NON_LITERAL_NULL_CONVERSION = YES;
				CLANG_WARN_OBJC_IMPLICIT_RETAIN_SELF = YES;
				CLANG_WARN_OBJC_LITERAL_CONVERSION = YES;
				CLANG_WARN_OBJC_ROOT_CLASS = YES_ERROR;
				CLANG_WARN_QUOTED_INCLUDE_IN_FRAMEWORK_HEADER = YES;
				CLANG_WARN_RANGE_LOOP_ANALYSIS = YES;
				CLANG_WARN_STRICT_PROTOTYPES = YES;
				CLANG_WARN_SUSPICIOUS_MOVE = YES;
				CLANG_WARN_UNGUARDED_AVAILABILITY = YES_AGGRESSIVE;
				CLANG_WARN_UNREACHABLE_CODE = YES;
				CLANG_WARN__DUPLICATE_METHOD_MATCH = YES;
				COPY_PHASE_STRIP = NO;
				DEBUG_INFORMATION_FORMAT = dwarf;
				ENABLE_STRICT_OBJC_MSGSEND = YES;
				ENABLE_TESTABILITY = YES;
				GCC_C_LANGUAGE_STANDARD = gnu11;
				GCC_DYNAMIC_NO_PIC = NO;
				GCC_NO_COMMON_BLOCKS = YES;
				GCC_OPTIMIZATION_LEVEL = 0;
				GCC_PREPROCESSOR_DEFINITIONS = (
					"DEBUG=1",
					"$(inherited)",
				);
				GCC_WARN_64_TO_32_BIT_CONVERSION = YES;
				GCC_WARN_ABOUT_RETURN_TYPE = YES_ERROR;
				GCC_WARN_UNDECLARED_SELECTOR = YES;
				GCC_WARN_UNINITIALIZED_AUTOS = YES_AGGRESSIVE;
				GCC_WARN_UNUSED_FUNCTION = YES;
				GCC_WARN_UNUSED_VARIABLE = YES;
				"INFOPLIST_FILE[sdk=*]" = "";
				IPHONEOS_DEPLOYMENT_TARGET = 11.0;
				MTL_ENABLE_DEBUG_INFO = INCLUDE_SOURCE;
				MTL_FAST_MATH = YES;
				ONLY_ACTIVE_ARCH = YES;
				PRODUCT_NAME = "CPW Mobile PDF";
				SDKROOT = iphoneos;
				SWIFT_ACTIVE_COMPILATION_CONDITIONS = DEBUG;
				SWIFT_OPTIMIZATION_LEVEL = "-Onone";
			};
			name = Debug;
		};
		609CA8E62440C355006C0283 /* Release */ = {
			isa = XCBuildConfiguration;
			buildSettings = {
				ALWAYS_SEARCH_USER_PATHS = NO;
				CLANG_ANALYZER_NONNULL = YES;
				CLANG_ANALYZER_NUMBER_OBJECT_CONVERSION = YES_AGGRESSIVE;
				CLANG_CXX_LANGUAGE_STANDARD = "gnu++14";
				CLANG_CXX_LIBRARY = "libc++";
				CLANG_ENABLE_MODULES = YES;
				CLANG_ENABLE_OBJC_ARC = YES;
				CLANG_ENABLE_OBJC_WEAK = YES;
				CLANG_WARN_BLOCK_CAPTURE_AUTORELEASING = YES;
				CLANG_WARN_BOOL_CONVERSION = YES;
				CLANG_WARN_COMMA = YES;
				CLANG_WARN_CONSTANT_CONVERSION = YES;
				CLANG_WARN_DEPRECATED_OBJC_IMPLEMENTATIONS = YES;
				CLANG_WARN_DIRECT_OBJC_ISA_USAGE = YES_ERROR;
				CLANG_WARN_DOCUMENTATION_COMMENTS = YES;
				CLANG_WARN_EMPTY_BODY = YES;
				CLANG_WARN_ENUM_CONVERSION = YES;
				CLANG_WARN_INFINITE_RECURSION = YES;
				CLANG_WARN_INT_CONVERSION = YES;
				CLANG_WARN_NON_LITERAL_NULL_CONVERSION = YES;
				CLANG_WARN_OBJC_IMPLICIT_RETAIN_SELF = YES;
				CLANG_WARN_OBJC_LITERAL_CONVERSION = YES;
				CLANG_WARN_OBJC_ROOT_CLASS = YES_ERROR;
				CLANG_WARN_QUOTED_INCLUDE_IN_FRAMEWORK_HEADER = YES;
				CLANG_WARN_RANGE_LOOP_ANALYSIS = YES;
				CLANG_WARN_STRICT_PROTOTYPES = YES;
				CLANG_WARN_SUSPICIOUS_MOVE = YES;
				CLANG_WARN_UNGUARDED_AVAILABILITY = YES_AGGRESSIVE;
				CLANG_WARN_UNREACHABLE_CODE = YES;
				CLANG_WARN__DUPLICATE_METHOD_MATCH = YES;
				COPY_PHASE_STRIP = NO;
				DEBUG_INFORMATION_FORMAT = "dwarf-with-dsym";
				ENABLE_NS_ASSERTIONS = NO;
				ENABLE_STRICT_OBJC_MSGSEND = YES;
				GCC_C_LANGUAGE_STANDARD = gnu11;
				GCC_NO_COMMON_BLOCKS = YES;
				GCC_WARN_64_TO_32_BIT_CONVERSION = YES;
				GCC_WARN_ABOUT_RETURN_TYPE = YES_ERROR;
				GCC_WARN_UNDECLARED_SELECTOR = YES;
				GCC_WARN_UNINITIALIZED_AUTOS = YES_AGGRESSIVE;
				GCC_WARN_UNUSED_FUNCTION = YES;
				GCC_WARN_UNUSED_VARIABLE = YES;
				IPHONEOS_DEPLOYMENT_TARGET = 11.0;
				MTL_ENABLE_DEBUG_INFO = NO;
				MTL_FAST_MATH = YES;
				PRODUCT_NAME = "CPW Mobile PDF";
				SDKROOT = iphoneos;
				SWIFT_COMPILATION_MODE = wholemodule;
				SWIFT_OPTIMIZATION_LEVEL = "-O";
				VALIDATE_PRODUCT = YES;
			};
			name = Release;
		};
		609CA8E82440C355006C0283 /* Debug */ = {
			isa = XCBuildConfiguration;
			buildSettings = {
				ASSETCATALOG_COMPILER_APPICON_NAME = AppIcon;
				CODE_SIGN_ENTITLEMENTS = CPWMobilePDF/CPWMobilePDFDebug.entitlements;
				CODE_SIGN_IDENTITY = "Apple Development";
				CODE_SIGN_STYLE = Automatic;
				DEVELOPMENT_TEAM = 8J8A4986VX;
				INFOPLIST_FILE = "$(SRCROOT)/CPWMobilePDF/Info.plist";
				IPHONEOS_DEPLOYMENT_TARGET = 11.0;
				LD_RUNPATH_SEARCH_PATHS = (
					"$(inherited)",
					"@executable_path/Frameworks",
				);
				MACOSX_DEPLOYMENT_TARGET = 11.0;
				PRODUCT_BUNDLE_IDENTIFIER = com.dnrcpw.cpwmobilepdf;
				PRODUCT_NAME = "CPW Mobile PDF";
				PROVISIONING_PROFILE_SPECIFIER = "";
				SWIFT_VERSION = 5.0;
				TARGETED_DEVICE_FAMILY = "1,2";
			};
			name = Debug;
		};
		609CA8E92440C355006C0283 /* Release */ = {
			isa = XCBuildConfiguration;
			buildSettings = {
				ASSETCATALOG_COMPILER_APPICON_NAME = AppIcon;
				CODE_SIGN_ENTITLEMENTS = CPWMobilePDF/CPWMobilePDF.entitlements;
				CODE_SIGN_IDENTITY = "Apple Development";
				CODE_SIGN_STYLE = Automatic;
				DEVELOPMENT_TEAM = 8J8A4986VX;
				INFOPLIST_FILE = "$(SRCROOT)/CPWMobilePDF/Info.plist";
				IPHONEOS_DEPLOYMENT_TARGET = 11.0;
				LD_RUNPATH_SEARCH_PATHS = (
					"$(inherited)",
					"@executable_path/Frameworks",
				);
				MACOSX_DEPLOYMENT_TARGET = 11.0;
				PRODUCT_BUNDLE_IDENTIFIER = com.dnrcpw.cpwmobilepdf;
				PRODUCT_NAME = "CPW Mobile PDF";
				PROVISIONING_PROFILE_SPECIFIER = "";
				SWIFT_VERSION = 5.0;
				TARGETED_DEVICE_FAMILY = "1,2";
			};
			name = Release;
		};
		609CA8EB2440C355006C0283 /* Debug */ = {
			isa = XCBuildConfiguration;
			buildSettings = {
				ALWAYS_EMBED_SWIFT_STANDARD_LIBRARIES = YES;
				BUNDLE_LOADER = "$(TEST_HOST)";
				CODE_SIGN_STYLE = Automatic;
				DEVELOPMENT_TEAM = 8J8A4986VX;
				INFOPLIST_FILE = CPWMobilePDFTests/Info.plist;
				IPHONEOS_DEPLOYMENT_TARGET = 14.5;
				LD_RUNPATH_SEARCH_PATHS = (
					"$(inherited)",
					"@executable_path/Frameworks",
					"@loader_path/Frameworks",
				);
				PRODUCT_BUNDLE_IDENTIFIER = com.cpw.CPWMobilePDFTests;
				PRODUCT_NAME = "$(TARGET_NAME)";
				SWIFT_VERSION = 5.0;
				TARGETED_DEVICE_FAMILY = "1,2";
				TEST_HOST = "$(BUILT_PRODUCTS_DIR)/CPWMobilePDF.app/CPWMobilePDF";
			};
			name = Debug;
		};
		609CA8EC2440C355006C0283 /* Release */ = {
			isa = XCBuildConfiguration;
			buildSettings = {
				ALWAYS_EMBED_SWIFT_STANDARD_LIBRARIES = YES;
				BUNDLE_LOADER = "$(TEST_HOST)";
				CODE_SIGN_STYLE = Automatic;
				INFOPLIST_FILE = CPWMobilePDFTests/Info.plist;
				IPHONEOS_DEPLOYMENT_TARGET = 14.5;
				LD_RUNPATH_SEARCH_PATHS = (
					"$(inherited)",
					"@executable_path/Frameworks",
					"@loader_path/Frameworks",
				);
				PRODUCT_BUNDLE_IDENTIFIER = com.cpw.CPWMobilePDFTests;
				PRODUCT_NAME = "$(TARGET_NAME)";
				SWIFT_VERSION = 5.0;
				TARGETED_DEVICE_FAMILY = "1,2";
				TEST_HOST = "$(BUILT_PRODUCTS_DIR)/CPWMobilePDF.app/CPWMobilePDF";
			};
			name = Release;
		};
		609CA8EE2440C355006C0283 /* Debug */ = {
			isa = XCBuildConfiguration;
			buildSettings = {
				ALWAYS_EMBED_SWIFT_STANDARD_LIBRARIES = YES;
				CODE_SIGN_STYLE = Automatic;
				INFOPLIST_FILE = MapViewerUITests/Info.plist;
				LD_RUNPATH_SEARCH_PATHS = (
					"$(inherited)",
					"@executable_path/Frameworks",
					"@loader_path/Frameworks",
				);
				PRODUCT_BUNDLE_IDENTIFIER = com.cpw.MapViewerUITests;
				PRODUCT_NAME = "$(TARGET_NAME)";
				SWIFT_VERSION = 5.0;
				TARGETED_DEVICE_FAMILY = "1,2";
				TEST_TARGET_NAME = MapViewer;
			};
			name = Debug;
		};
		609CA8EF2440C355006C0283 /* Release */ = {
			isa = XCBuildConfiguration;
			buildSettings = {
				ALWAYS_EMBED_SWIFT_STANDARD_LIBRARIES = YES;
				CODE_SIGN_STYLE = Automatic;
				INFOPLIST_FILE = MapViewerUITests/Info.plist;
				LD_RUNPATH_SEARCH_PATHS = (
					"$(inherited)",
					"@executable_path/Frameworks",
					"@loader_path/Frameworks",
				);
				PRODUCT_BUNDLE_IDENTIFIER = com.cpw.MapViewerUITests;
				PRODUCT_NAME = "$(TARGET_NAME)";
				SWIFT_VERSION = 5.0;
				TARGETED_DEVICE_FAMILY = "1,2";
				TEST_TARGET_NAME = MapViewer;
			};
			name = Release;
		};
/* End XCBuildConfiguration section */

/* Begin XCConfigurationList section */
		609CA8B82440C353006C0283 /* Build configuration list for PBXProject "CPWMobilePDF" */ = {
			isa = XCConfigurationList;
			buildConfigurations = (
				609CA8E52440C355006C0283 /* Debug */,
				609CA8E62440C355006C0283 /* Release */,
			);
			defaultConfigurationIsVisible = 0;
			defaultConfigurationName = Release;
		};
		609CA8E72440C355006C0283 /* Build configuration list for PBXNativeTarget "CPWMobilePDF" */ = {
			isa = XCConfigurationList;
			buildConfigurations = (
				609CA8E82440C355006C0283 /* Debug */,
				609CA8E92440C355006C0283 /* Release */,
			);
			defaultConfigurationIsVisible = 0;
			defaultConfigurationName = Release;
		};
		609CA8EA2440C355006C0283 /* Build configuration list for PBXNativeTarget "CPWMobilePDFTests" */ = {
			isa = XCConfigurationList;
			buildConfigurations = (
				609CA8EB2440C355006C0283 /* Debug */,
				609CA8EC2440C355006C0283 /* Release */,
			);
			defaultConfigurationIsVisible = 0;
			defaultConfigurationName = Release;
		};
		609CA8ED2440C355006C0283 /* Build configuration list for PBXNativeTarget "CPWMobilePDFUITests" */ = {
			isa = XCConfigurationList;
			buildConfigurations = (
				609CA8EE2440C355006C0283 /* Debug */,
				609CA8EF2440C355006C0283 /* Release */,
			);
			defaultConfigurationIsVisible = 0;
			defaultConfigurationName = Release;
		};
/* End XCConfigurationList section */
	};
	rootObject = 609CA8B52440C353006C0283 /* Project object */;
}
